
Microsoft Visual Studio Solution File, Format Version 12.00
# Visual Studio Version 17
VisualStudioVersion = 17.4.33213.308
MinimumVisualStudioVersion = 10.0.40219.1
Project("{FAE04EC0-301F-11D3-BF4B-00C04F79EFBC}") = "01.ReadText", "01.ReadText\01.ReadText.csproj", "{353D7334-AB5A-43F3-AF7C-28532493DA73}"
EndProject
Project("{FAE04EC0-301F-11D3-BF4B-00C04F79EFBC}") = "02.Password", "02.Password\02.Password.csproj", "{D4681BB0-C1E5-4581-8396-3DEC70F249E7}"
EndProject
Project("{FAE04EC0-301F-11D3-BF4B-00C04F79EFBC}") = "03.NumbersSum", "03.NumbersSum\03.NumbersSum.csproj", "{C3644D39-8847-4D97-9C71-96BB70B4E0A5}"
EndProject
Global
	GlobalSection(SolutionConfigurationPlatforms) = preSolution
		Debug|Any CPU = Debug|Any CPU
		Release|Any CPU = Release|Any CPU
	EndGlobalSection
	GlobalSection(ProjectConfigurationPlatforms) = postSolution
		{353D7334-AB5A-43F3-AF7C-28532493DA73}.Debug|Any CPU.ActiveCfg = Debug|Any CPU
		{353D7334-AB5A-43F3-AF7C-28532493DA73}.Debug|Any CPU.Build.0 = Debug|Any CPU
		{353D7334-AB5A-43F3-AF7C-28532493DA73}.Release|Any CPU.ActiveCfg = Release|Any CPU
		{353D7334-AB5A-43F3-AF7C-28532493DA73}.Release|Any CPU.Build.0 = Release|Any CPU
		{D4681BB0-C1E5-4581-8396-3DEC70F249E7}.Debug|Any CPU.ActiveCfg = Debug|Any CPU
		{D4681BB0-C1E5-4581-8396-3DEC70F249E7}.Debug|Any CPU.Build.0 = Debug|Any CPU
		{D4681BB0-C1E5-4581-8396-3DEC70F249E7}.Release|Any CPU.ActiveCfg = Release|Any CPU
		{D4681BB0-C1E5-4581-8396-3DEC70F249E7}.Release|Any CPU.Build.0 = Release|Any CPU
		{C3644D39-8847-4D97-9C71-96BB70B4E0A5}.Debug|Any CPU.ActiveCfg = Debug|Any CPU
		{C3644D39-8847-4D97-9C71-96BB70B4E0A5}.Debug|Any CPU.Build.0 = Debug|Any CPU
		{C3644D39-8847-4D97-9C71-96BB70B4E0A5}.Release|Any CPU.ActiveCfg = Release|Any CPU
		{C3644D39-8847-4D97-9C71-96BB70B4E0A5}.Release|Any CPU.Build.0 = Release|Any CPU
	EndGlobalSection
	GlobalSection(SolutionProperties) = preSolution
		HideSolutionNode = FALSE
	EndGlobalSection
	GlobalSection(ExtensibilityGlobals) = postSolution
		SolutionGuid = {42488659-5800-401C-BBE8-DEA6449B6829}
	EndGlobalSection
EndGlobal
