
Microsoft Visual Studio Solution File, Format Version 12.00
# Visual Studio Version 17
VisualStudioVersion = 17.4.33213.308
MinimumVisualStudioVersion = 10.0.40219.1
Project("{9A19103F-16F7-4668-BE54-9A1E7A4F7556}") = "01.ReadText", "01.ReadText\01.ReadText.csproj", "{353D7334-AB5A-43F3-AF7C-28532493DA73}"
EndProject
Project("{9A19103F-16F7-4668-BE54-9A1E7A4F7556}") = "02.Password", "02.Password\02.Password.csproj", "{D4681BB0-C1E5-4581-8396-3DEC70F249E7}"
EndProject
Project("{9A19103F-16F7-4668-BE54-9A1E7A4F7556}") = "03.NumbersSum", "03.NumbersSum\03.NumbersSum.csproj", "{C3644D39-8847-4D97-9C71-96BB70B4E0A5}"
EndProject
Project("{FAE04EC0-301F-11D3-BF4B-00C04F79EFBC}") = "04.AccountBalance", "04.AccountBalance\04.AccountBalance.csproj", "{3B6B916F-609B-4611-8CAB-98C86A5E5F55}"
EndProject
Project("{FAE04EC0-301F-11D3-BF4B-00C04F79EFBC}") = "05.MaxNumber", "05.MaxNumber\05.MaxNumber.csproj", "{1406FD44-057E-4E3D-BDA9-C16CEF1431FA}"
EndProject
Project("{FAE04EC0-301F-11D3-BF4B-00C04F79EFBC}") = "06.MinNumber", "06.MinNumber\06.MinNumber.csproj", "{304DFE4C-78E2-4B74-B1EF-F8F27C70921B}"
EndProject
Project("{FAE04EC0-301F-11D3-BF4B-00C04F79EFBC}") = "07.Graduation", "07.Graduation\07.Graduation.csproj", "{EF412CA1-BC6E-4871-9A57-DC4A486C45B8}"
EndProject
Project("{FAE04EC0-301F-11D3-BF4B-00C04F79EFBC}") = "08.OldLibrary", "08.OldLibrary\08.OldLibrary.csproj", "{57A411A6-5971-4261-B113-E9EAECF5CD43}"
EndProject
Project("{FAE04EC0-301F-11D3-BF4B-00C04F79EFBC}") = "09.ExamPrep", "09.ExamPrep\09.ExamPrep.csproj", "{241747DC-8C6F-4657-BDBE-F3A460D75178}"
EndProject
Project("{FAE04EC0-301F-11D3-BF4B-00C04F79EFBC}") = "10.Vacation", "10.Vacation\10.Vacation.csproj", "{C7A6953E-0C93-4C32-AD74-EB1B6F92A59A}"
EndProject
Project("{FAE04EC0-301F-11D3-BF4B-00C04F79EFBC}") = "11.Steps", "11.Steps\11.Steps.csproj", "{90A26426-85A6-44D4-B06E-7AD1FFB87978}"
EndProject
Project("{FAE04EC0-301F-11D3-BF4B-00C04F79EFBC}") = "12.Coins", "12.Coins\12.Coins.csproj", "{E832CD1C-C92D-421D-A593-0DBE64B75365}"
EndProject
Project("{FAE04EC0-301F-11D3-BF4B-00C04F79EFBC}") = "13.Cake", "13.Cake\13.Cake.csproj", "{FAA806F7-675B-413D-A6A2-48353C42F167}"
EndProject
Project("{FAE04EC0-301F-11D3-BF4B-00C04F79EFBC}") = "14.Moving", "14.Moving\14.Moving.csproj", "{29651B41-D9E6-4340-BBD8-F152EEBA18DD}"
EndProject
Global
	GlobalSection(SolutionConfigurationPlatforms) = preSolution
		Debug|Any CPU = Debug|Any CPU
		Release|Any CPU = Release|Any CPU
	EndGlobalSection
	GlobalSection(ProjectConfigurationPlatforms) = postSolution
		{353D7334-AB5A-43F3-AF7C-28532493DA73}.Debug|Any CPU.ActiveCfg = Debug|Any CPU
		{353D7334-AB5A-43F3-AF7C-28532493DA73}.Debug|Any CPU.Build.0 = Debug|Any CPU
		{353D7334-AB5A-43F3-AF7C-28532493DA73}.Release|Any CPU.ActiveCfg = Release|Any CPU
		{353D7334-AB5A-43F3-AF7C-28532493DA73}.Release|Any CPU.Build.0 = Release|Any CPU
		{D4681BB0-C1E5-4581-8396-3DEC70F249E7}.Debug|Any CPU.ActiveCfg = Debug|Any CPU
		{D4681BB0-C1E5-4581-8396-3DEC70F249E7}.Debug|Any CPU.Build.0 = Debug|Any CPU
		{D4681BB0-C1E5-4581-8396-3DEC70F249E7}.Release|Any CPU.ActiveCfg = Release|Any CPU
		{D4681BB0-C1E5-4581-8396-3DEC70F249E7}.Release|Any CPU.Build.0 = Release|Any CPU
		{C3644D39-8847-4D97-9C71-96BB70B4E0A5}.Debug|Any CPU.ActiveCfg = Debug|Any CPU
		{C3644D39-8847-4D97-9C71-96BB70B4E0A5}.Debug|Any CPU.Build.0 = Debug|Any CPU
		{C3644D39-8847-4D97-9C71-96BB70B4E0A5}.Release|Any CPU.ActiveCfg = Release|Any CPU
		{C3644D39-8847-4D97-9C71-96BB70B4E0A5}.Release|Any CPU.Build.0 = Release|Any CPU
		{3B6B916F-609B-4611-8CAB-98C86A5E5F55}.Debug|Any CPU.ActiveCfg = Debug|Any CPU
		{3B6B916F-609B-4611-8CAB-98C86A5E5F55}.Debug|Any CPU.Build.0 = Debug|Any CPU
		{3B6B916F-609B-4611-8CAB-98C86A5E5F55}.Release|Any CPU.ActiveCfg = Release|Any CPU
		{3B6B916F-609B-4611-8CAB-98C86A5E5F55}.Release|Any CPU.Build.0 = Release|Any CPU
		{1406FD44-057E-4E3D-BDA9-C16CEF1431FA}.Debug|Any CPU.ActiveCfg = Debug|Any CPU
		{1406FD44-057E-4E3D-BDA9-C16CEF1431FA}.Debug|Any CPU.Build.0 = Debug|Any CPU
		{1406FD44-057E-4E3D-BDA9-C16CEF1431FA}.Release|Any CPU.ActiveCfg = Release|Any CPU
		{1406FD44-057E-4E3D-BDA9-C16CEF1431FA}.Release|Any CPU.Build.0 = Release|Any CPU
		{304DFE4C-78E2-4B74-B1EF-F8F27C70921B}.Debug|Any CPU.ActiveCfg = Debug|Any CPU
		{304DFE4C-78E2-4B74-B1EF-F8F27C70921B}.Debug|Any CPU.Build.0 = Debug|Any CPU
		{304DFE4C-78E2-4B74-B1EF-F8F27C70921B}.Release|Any CPU.ActiveCfg = Release|Any CPU
		{304DFE4C-78E2-4B74-B1EF-F8F27C70921B}.Release|Any CPU.Build.0 = Release|Any CPU
		{EF412CA1-BC6E-4871-9A57-DC4A486C45B8}.Debug|Any CPU.ActiveCfg = Debug|Any CPU
		{EF412CA1-BC6E-4871-9A57-DC4A486C45B8}.Debug|Any CPU.Build.0 = Debug|Any CPU
		{EF412CA1-BC6E-4871-9A57-DC4A486C45B8}.Release|Any CPU.ActiveCfg = Release|Any CPU
		{EF412CA1-BC6E-4871-9A57-DC4A486C45B8}.Release|Any CPU.Build.0 = Release|Any CPU
		{57A411A6-5971-4261-B113-E9EAECF5CD43}.Debug|Any CPU.ActiveCfg = Debug|Any CPU
		{57A411A6-5971-4261-B113-E9EAECF5CD43}.Debug|Any CPU.Build.0 = Debug|Any CPU
		{57A411A6-5971-4261-B113-E9EAECF5CD43}.Release|Any CPU.ActiveCfg = Release|Any CPU
		{57A411A6-5971-4261-B113-E9EAECF5CD43}.Release|Any CPU.Build.0 = Release|Any CPU
		{241747DC-8C6F-4657-BDBE-F3A460D75178}.Debug|Any CPU.ActiveCfg = Debug|Any CPU
		{241747DC-8C6F-4657-BDBE-F3A460D75178}.Debug|Any CPU.Build.0 = Debug|Any CPU
		{241747DC-8C6F-4657-BDBE-F3A460D75178}.Release|Any CPU.ActiveCfg = Release|Any CPU
		{241747DC-8C6F-4657-BDBE-F3A460D75178}.Release|Any CPU.Build.0 = Release|Any CPU
		{C7A6953E-0C93-4C32-AD74-EB1B6F92A59A}.Debug|Any CPU.ActiveCfg = Debug|Any CPU
		{C7A6953E-0C93-4C32-AD74-EB1B6F92A59A}.Debug|Any CPU.Build.0 = Debug|Any CPU
		{C7A6953E-0C93-4C32-AD74-EB1B6F92A59A}.Release|Any CPU.ActiveCfg = Release|Any CPU
		{C7A6953E-0C93-4C32-AD74-EB1B6F92A59A}.Release|Any CPU.Build.0 = Release|Any CPU
		{90A26426-85A6-44D4-B06E-7AD1FFB87978}.Debug|Any CPU.ActiveCfg = Debug|Any CPU
		{90A26426-85A6-44D4-B06E-7AD1FFB87978}.Debug|Any CPU.Build.0 = Debug|Any CPU
		{90A26426-85A6-44D4-B06E-7AD1FFB87978}.Release|Any CPU.ActiveCfg = Release|Any CPU
		{90A26426-85A6-44D4-B06E-7AD1FFB87978}.Release|Any CPU.Build.0 = Release|Any CPU
		{E832CD1C-C92D-421D-A593-0DBE64B75365}.Debug|Any CPU.ActiveCfg = Debug|Any CPU
		{E832CD1C-C92D-421D-A593-0DBE64B75365}.Debug|Any CPU.Build.0 = Debug|Any CPU
		{E832CD1C-C92D-421D-A593-0DBE64B75365}.Release|Any CPU.ActiveCfg = Release|Any CPU
		{E832CD1C-C92D-421D-A593-0DBE64B75365}.Release|Any CPU.Build.0 = Release|Any CPU
		{FAA806F7-675B-413D-A6A2-48353C42F167}.Debug|Any CPU.ActiveCfg = Debug|Any CPU
		{FAA806F7-675B-413D-A6A2-48353C42F167}.Debug|Any CPU.Build.0 = Debug|Any CPU
		{FAA806F7-675B-413D-A6A2-48353C42F167}.Release|Any CPU.ActiveCfg = Release|Any CPU
		{FAA806F7-675B-413D-A6A2-48353C42F167}.Release|Any CPU.Build.0 = Release|Any CPU
		{29651B41-D9E6-4340-BBD8-F152EEBA18DD}.Debug|Any CPU.ActiveCfg = Debug|Any CPU
		{29651B41-D9E6-4340-BBD8-F152EEBA18DD}.Debug|Any CPU.Build.0 = Debug|Any CPU
		{29651B41-D9E6-4340-BBD8-F152EEBA18DD}.Release|Any CPU.ActiveCfg = Release|Any CPU
		{29651B41-D9E6-4340-BBD8-F152EEBA18DD}.Release|Any CPU.Build.0 = Release|Any CPU
	EndGlobalSection
	GlobalSection(SolutionProperties) = preSolution
		HideSolutionNode = FALSE
	EndGlobalSection
	GlobalSection(ExtensibilityGlobals) = postSolution
		SolutionGuid = {42488659-5800-401C-BBE8-DEA6449B6829}
	EndGlobalSection
EndGlobal
