
Microsoft Visual Studio Solution File, Format Version 12.00
# Visual Studio Version 17
VisualStudioVersion = 17.4.33213.308
MinimumVisualStudioVersion = 10.0.40219.1
Project("{FAE04EC0-301F-11D3-BF4B-00C04F79EFBC}") = "01.Guinea Pig", "01.Guinea Pig\01.Guinea Pig.csproj", "{F95B74CB-5E86-42A2-A4CC-247BCBBF8CAA}"
EndProject
Project("{FAE04EC0-301F-11D3-BF4B-00C04F79EFBC}") = "02.TheLift", "02.TheLift\02.TheLift.csproj", "{FCDB2AA3-B9B2-4B24-A7EA-CEF15C2C1A34}"
EndProject
Global
	GlobalSection(SolutionConfigurationPlatforms) = preSolution
		Debug|Any CPU = Debug|Any CPU
		Release|Any CPU = Release|Any CPU
	EndGlobalSection
	GlobalSection(ProjectConfigurationPlatforms) = postSolution
		{F95B74CB-5E86-42A2-A4CC-247BCBBF8CAA}.Debug|Any CPU.ActiveCfg = Debug|Any CPU
		{F95B74CB-5E86-42A2-A4CC-247BCBBF8CAA}.Debug|Any CPU.Build.0 = Debug|Any CPU
		{F95B74CB-5E86-42A2-A4CC-247BCBBF8CAA}.Release|Any CPU.ActiveCfg = Release|Any CPU
		{F95B74CB-5E86-42A2-A4CC-247BCBBF8CAA}.Release|Any CPU.Build.0 = Release|Any CPU
		{FCDB2AA3-B9B2-4B24-A7EA-CEF15C2C1A34}.Debug|Any CPU.ActiveCfg = Debug|Any CPU
		{FCDB2AA3-B9B2-4B24-A7EA-CEF15C2C1A34}.Debug|Any CPU.Build.0 = Debug|Any CPU
		{FCDB2AA3-B9B2-4B24-A7EA-CEF15C2C1A34}.Release|Any CPU.ActiveCfg = Release|Any CPU
		{FCDB2AA3-B9B2-4B24-A7EA-CEF15C2C1A34}.Release|Any CPU.Build.0 = Release|Any CPU
	EndGlobalSection
	GlobalSection(SolutionProperties) = preSolution
		HideSolutionNode = FALSE
	EndGlobalSection
	GlobalSection(ExtensibilityGlobals) = postSolution
		SolutionGuid = {AF8D8CAF-C996-41C6-9AAF-E65CF52152A9}
	EndGlobalSection
EndGlobal
