
Microsoft Visual Studio Solution File, Format Version 12.00
# Visual Studio Version 17
VisualStudioVersion = 17.4.33213.308
MinimumVisualStudioVersion = 10.0.40219.1
Project("{9A19103F-16F7-4668-BE54-9A1E7A4F7556}") = "01.DaysOfTheWeek", "01.DaysOfTheWeek\01.DaysOfTheWeek.csproj", "{B769341F-FA39-4420-A6C5-D3EA1F051158}"
EndProject
Project("{9A19103F-16F7-4668-BE54-9A1E7A4F7556}") = "02.PrintNumbersInReverseOrder", "02.PrintNumbersInReverseOrder\02.PrintNumbersInReverseOrder.csproj", "{0EE86DE7-5404-4A8F-8021-8544279B1985}"
EndProject
Project("{9A19103F-16F7-4668-BE54-9A1E7A4F7556}") = "03.RoundingNumbers", "03.RoundingNumbers\03.RoundingNumbers.csproj", "{735613B3-A2BF-4132-9979-F76AB1ABF61B}"
EndProject
Project("{FAE04EC0-301F-11D3-BF4B-00C04F79EFBC}") = "04.ReverseArrayOfStrings", "04.ReverseArrayOfStrings\04.ReverseArrayOfStrings.csproj", "{2A8F662E-1C8B-4B99-85EF-A4C0D0FFB9E1}"
EndProject
Project("{FAE04EC0-301F-11D3-BF4B-00C04F79EFBC}") = "05.SumEvenNumbers", "05.SumEvenNumbers\05.SumEvenNumbers.csproj", "{35DAC32E-8773-48DF-A09E-3D66634E41F6}"
EndProject
Project("{FAE04EC0-301F-11D3-BF4B-00C04F79EFBC}") = "06.EvenandOddSubtraction", "06.EvenandOddSubtraction\06.EvenandOddSubtraction.csproj", "{47FD7E5A-6D13-4B48-AAA7-C3937E334763}"
EndProject
Project("{FAE04EC0-301F-11D3-BF4B-00C04F79EFBC}") = "07.EqualArrays", "07.EqualArrays\07.EqualArrays.csproj", "{299DD2A5-E2E2-4A2A-8964-A5961A8E4AC6}"
EndProject
Project("{FAE04EC0-301F-11D3-BF4B-00C04F79EFBC}") = "08.Train", "08.Train\08.Train.csproj", "{589BEEC7-3601-4B27-9FCF-C9126B7430F1}"
EndProject
Project("{FAE04EC0-301F-11D3-BF4B-00C04F79EFBC}") = "09.CommonElements", "09.CommonElements\09.CommonElements.csproj", "{4F98BFD1-6C4D-47DD-83E3-606811F1B670}"
EndProject
Project("{FAE04EC0-301F-11D3-BF4B-00C04F79EFBC}") = "10.ZigZagArrays", "10.ZigZagArrays\10.ZigZagArrays.csproj", "{39EA6086-A67F-4009-B20E-B4DD61AB0F78}"
EndProject
Project("{FAE04EC0-301F-11D3-BF4B-00C04F79EFBC}") = "11.ArrayRotation", "11.ArrayRotation\11.ArrayRotation.csproj", "{9F02C012-FD51-4A7D-973C-C4953D749736}"
EndProject
Project("{FAE04EC0-301F-11D3-BF4B-00C04F79EFBC}") = "12.TopIntegers", "12.TopIntegers\12.TopIntegers.csproj", "{3D92FC53-2009-4856-8CCE-E96BD408359F}"
EndProject
Project("{FAE04EC0-301F-11D3-BF4B-00C04F79EFBC}") = "13.MagicSum", "13.MagicSum\13.MagicSum.csproj", "{49188674-5BC0-46C9-A307-95363EDA397C}"
EndProject
Global
	GlobalSection(SolutionConfigurationPlatforms) = preSolution
		Debug|Any CPU = Debug|Any CPU
		Release|Any CPU = Release|Any CPU
	EndGlobalSection
	GlobalSection(ProjectConfigurationPlatforms) = postSolution
		{B769341F-FA39-4420-A6C5-D3EA1F051158}.Debug|Any CPU.ActiveCfg = Debug|Any CPU
		{B769341F-FA39-4420-A6C5-D3EA1F051158}.Debug|Any CPU.Build.0 = Debug|Any CPU
		{B769341F-FA39-4420-A6C5-D3EA1F051158}.Release|Any CPU.ActiveCfg = Release|Any CPU
		{B769341F-FA39-4420-A6C5-D3EA1F051158}.Release|Any CPU.Build.0 = Release|Any CPU
		{0EE86DE7-5404-4A8F-8021-8544279B1985}.Debug|Any CPU.ActiveCfg = Debug|Any CPU
		{0EE86DE7-5404-4A8F-8021-8544279B1985}.Debug|Any CPU.Build.0 = Debug|Any CPU
		{0EE86DE7-5404-4A8F-8021-8544279B1985}.Release|Any CPU.ActiveCfg = Release|Any CPU
		{0EE86DE7-5404-4A8F-8021-8544279B1985}.Release|Any CPU.Build.0 = Release|Any CPU
		{735613B3-A2BF-4132-9979-F76AB1ABF61B}.Debug|Any CPU.ActiveCfg = Debug|Any CPU
		{735613B3-A2BF-4132-9979-F76AB1ABF61B}.Debug|Any CPU.Build.0 = Debug|Any CPU
		{735613B3-A2BF-4132-9979-F76AB1ABF61B}.Release|Any CPU.ActiveCfg = Release|Any CPU
		{735613B3-A2BF-4132-9979-F76AB1ABF61B}.Release|Any CPU.Build.0 = Release|Any CPU
		{2A8F662E-1C8B-4B99-85EF-A4C0D0FFB9E1}.Debug|Any CPU.ActiveCfg = Debug|Any CPU
		{2A8F662E-1C8B-4B99-85EF-A4C0D0FFB9E1}.Debug|Any CPU.Build.0 = Debug|Any CPU
		{2A8F662E-1C8B-4B99-85EF-A4C0D0FFB9E1}.Release|Any CPU.ActiveCfg = Release|Any CPU
		{2A8F662E-1C8B-4B99-85EF-A4C0D0FFB9E1}.Release|Any CPU.Build.0 = Release|Any CPU
		{35DAC32E-8773-48DF-A09E-3D66634E41F6}.Debug|Any CPU.ActiveCfg = Debug|Any CPU
		{35DAC32E-8773-48DF-A09E-3D66634E41F6}.Debug|Any CPU.Build.0 = Debug|Any CPU
		{35DAC32E-8773-48DF-A09E-3D66634E41F6}.Release|Any CPU.ActiveCfg = Release|Any CPU
		{35DAC32E-8773-48DF-A09E-3D66634E41F6}.Release|Any CPU.Build.0 = Release|Any CPU
		{47FD7E5A-6D13-4B48-AAA7-C3937E334763}.Debug|Any CPU.ActiveCfg = Debug|Any CPU
		{47FD7E5A-6D13-4B48-AAA7-C3937E334763}.Debug|Any CPU.Build.0 = Debug|Any CPU
		{47FD7E5A-6D13-4B48-AAA7-C3937E334763}.Release|Any CPU.ActiveCfg = Release|Any CPU
		{47FD7E5A-6D13-4B48-AAA7-C3937E334763}.Release|Any CPU.Build.0 = Release|Any CPU
		{299DD2A5-E2E2-4A2A-8964-A5961A8E4AC6}.Debug|Any CPU.ActiveCfg = Debug|Any CPU
		{299DD2A5-E2E2-4A2A-8964-A5961A8E4AC6}.Debug|Any CPU.Build.0 = Debug|Any CPU
		{299DD2A5-E2E2-4A2A-8964-A5961A8E4AC6}.Release|Any CPU.ActiveCfg = Release|Any CPU
		{299DD2A5-E2E2-4A2A-8964-A5961A8E4AC6}.Release|Any CPU.Build.0 = Release|Any CPU
		{589BEEC7-3601-4B27-9FCF-C9126B7430F1}.Debug|Any CPU.ActiveCfg = Debug|Any CPU
		{589BEEC7-3601-4B27-9FCF-C9126B7430F1}.Debug|Any CPU.Build.0 = Debug|Any CPU
		{589BEEC7-3601-4B27-9FCF-C9126B7430F1}.Release|Any CPU.ActiveCfg = Release|Any CPU
		{589BEEC7-3601-4B27-9FCF-C9126B7430F1}.Release|Any CPU.Build.0 = Release|Any CPU
		{4F98BFD1-6C4D-47DD-83E3-606811F1B670}.Debug|Any CPU.ActiveCfg = Debug|Any CPU
		{4F98BFD1-6C4D-47DD-83E3-606811F1B670}.Debug|Any CPU.Build.0 = Debug|Any CPU
		{4F98BFD1-6C4D-47DD-83E3-606811F1B670}.Release|Any CPU.ActiveCfg = Release|Any CPU
		{4F98BFD1-6C4D-47DD-83E3-606811F1B670}.Release|Any CPU.Build.0 = Release|Any CPU
		{39EA6086-A67F-4009-B20E-B4DD61AB0F78}.Debug|Any CPU.ActiveCfg = Debug|Any CPU
		{39EA6086-A67F-4009-B20E-B4DD61AB0F78}.Debug|Any CPU.Build.0 = Debug|Any CPU
		{39EA6086-A67F-4009-B20E-B4DD61AB0F78}.Release|Any CPU.ActiveCfg = Release|Any CPU
		{39EA6086-A67F-4009-B20E-B4DD61AB0F78}.Release|Any CPU.Build.0 = Release|Any CPU
		{9F02C012-FD51-4A7D-973C-C4953D749736}.Debug|Any CPU.ActiveCfg = Debug|Any CPU
		{9F02C012-FD51-4A7D-973C-C4953D749736}.Debug|Any CPU.Build.0 = Debug|Any CPU
		{9F02C012-FD51-4A7D-973C-C4953D749736}.Release|Any CPU.ActiveCfg = Release|Any CPU
		{9F02C012-FD51-4A7D-973C-C4953D749736}.Release|Any CPU.Build.0 = Release|Any CPU
		{3D92FC53-2009-4856-8CCE-E96BD408359F}.Debug|Any CPU.ActiveCfg = Debug|Any CPU
		{3D92FC53-2009-4856-8CCE-E96BD408359F}.Debug|Any CPU.Build.0 = Debug|Any CPU
		{3D92FC53-2009-4856-8CCE-E96BD408359F}.Release|Any CPU.ActiveCfg = Release|Any CPU
		{3D92FC53-2009-4856-8CCE-E96BD408359F}.Release|Any CPU.Build.0 = Release|Any CPU
		{49188674-5BC0-46C9-A307-95363EDA397C}.Debug|Any CPU.ActiveCfg = Debug|Any CPU
		{49188674-5BC0-46C9-A307-95363EDA397C}.Debug|Any CPU.Build.0 = Debug|Any CPU
		{49188674-5BC0-46C9-A307-95363EDA397C}.Release|Any CPU.ActiveCfg = Release|Any CPU
		{49188674-5BC0-46C9-A307-95363EDA397C}.Release|Any CPU.Build.0 = Release|Any CPU
	EndGlobalSection
	GlobalSection(SolutionProperties) = preSolution
		HideSolutionNode = FALSE
	EndGlobalSection
	GlobalSection(ExtensibilityGlobals) = postSolution
		SolutionGuid = {D86F63A2-FD70-43CF-AF10-E9F0BE44033A}
	EndGlobalSection
EndGlobal
