
Microsoft Visual Studio Solution File, Format Version 12.00
# Visual Studio Version 17
VisualStudioVersion = 17.4.33213.308
MinimumVisualStudioVersion = 10.0.40219.1
Project("{FAE04EC0-301F-11D3-BF4B-00C04F79EFBC}") = "01.SignOfIntegerNumbers", "01.SignOfIntegerNumbers\01.SignOfIntegerNumbers.csproj", "{B17857AB-E146-4BA1-91B0-9DC40EB72792}"
EndProject
Project("{FAE04EC0-301F-11D3-BF4B-00C04F79EFBC}") = "02.Grades", "02.Grades\02.Grades.csproj", "{40585C95-9E47-4BBD-B92C-7587EE34DD9E}"
EndProject
Project("{FAE04EC0-301F-11D3-BF4B-00C04F79EFBC}") = "03.Calculations", "03.Calculations\03.Calculations.csproj", "{CD1383AC-E501-4803-AC6C-E9B737FF05FE}"
EndProject
Project("{FAE04EC0-301F-11D3-BF4B-00C04F79EFBC}") = "04.PrintingTriangle", "04.PrintingTriangle\04.PrintingTriangle.csproj", "{E0EA2B32-DEB3-4A14-86B1-2E6DA49F2D26}"
EndProject
Project("{FAE04EC0-301F-11D3-BF4B-00C04F79EFBC}") = "05.Orders", "05.Orders\05.Orders.csproj", "{F3896693-8F59-4509-9881-4734E4ACC00C}"
EndProject
Project("{FAE04EC0-301F-11D3-BF4B-00C04F79EFBC}") = "06.CalculateRectangleArea", "06.CalculateRectangleArea\06.CalculateRectangleArea.csproj", "{D9A397F4-7D0C-4D68-970E-7A0CD31D3822}"
EndProject
Project("{FAE04EC0-301F-11D3-BF4B-00C04F79EFBC}") = "07.RepeatString", "07.RepeatString\07.RepeatString.csproj", "{E231BEE7-F6C3-4E1D-B0D8-FFDC5F9F7267}"
EndProject
Project("{FAE04EC0-301F-11D3-BF4B-00C04F79EFBC}") = "08.MathPower", "08.MathPower\08.MathPower.csproj", "{61B9206D-849E-4718-A560-65FBC9F620C3}"
EndProject
Project("{FAE04EC0-301F-11D3-BF4B-00C04F79EFBC}") = "09.GreaterOfTwoValues", "09.GreaterOfTwoValues\09.GreaterOfTwoValues.csproj", "{F676E132-D6E4-4270-93A0-47A8D24932EA}"
EndProject
Project("{FAE04EC0-301F-11D3-BF4B-00C04F79EFBC}") = "10.MultiplyEvensByOdds", "10.MultiplyEvensByOdds\10.MultiplyEvensByOdds.csproj", "{6A564690-4A43-4395-8959-AE4902CB70BA}"
EndProject
Project("{FAE04EC0-301F-11D3-BF4B-00C04F79EFBC}") = "11.MathOperations", "11.MathOperations\11.MathOperations.csproj", "{86A9E949-F94F-428F-A532-6E6F0FCB4B92}"
EndProject
Global
	GlobalSection(SolutionConfigurationPlatforms) = preSolution
		Debug|Any CPU = Debug|Any CPU
		Release|Any CPU = Release|Any CPU
	EndGlobalSection
	GlobalSection(ProjectConfigurationPlatforms) = postSolution
		{B17857AB-E146-4BA1-91B0-9DC40EB72792}.Debug|Any CPU.ActiveCfg = Debug|Any CPU
		{B17857AB-E146-4BA1-91B0-9DC40EB72792}.Debug|Any CPU.Build.0 = Debug|Any CPU
		{B17857AB-E146-4BA1-91B0-9DC40EB72792}.Release|Any CPU.ActiveCfg = Release|Any CPU
		{B17857AB-E146-4BA1-91B0-9DC40EB72792}.Release|Any CPU.Build.0 = Release|Any CPU
		{40585C95-9E47-4BBD-B92C-7587EE34DD9E}.Debug|Any CPU.ActiveCfg = Debug|Any CPU
		{40585C95-9E47-4BBD-B92C-7587EE34DD9E}.Debug|Any CPU.Build.0 = Debug|Any CPU
		{40585C95-9E47-4BBD-B92C-7587EE34DD9E}.Release|Any CPU.ActiveCfg = Release|Any CPU
		{40585C95-9E47-4BBD-B92C-7587EE34DD9E}.Release|Any CPU.Build.0 = Release|Any CPU
		{CD1383AC-E501-4803-AC6C-E9B737FF05FE}.Debug|Any CPU.ActiveCfg = Debug|Any CPU
		{CD1383AC-E501-4803-AC6C-E9B737FF05FE}.Debug|Any CPU.Build.0 = Debug|Any CPU
		{CD1383AC-E501-4803-AC6C-E9B737FF05FE}.Release|Any CPU.ActiveCfg = Release|Any CPU
		{CD1383AC-E501-4803-AC6C-E9B737FF05FE}.Release|Any CPU.Build.0 = Release|Any CPU
		{E0EA2B32-DEB3-4A14-86B1-2E6DA49F2D26}.Debug|Any CPU.ActiveCfg = Debug|Any CPU
		{E0EA2B32-DEB3-4A14-86B1-2E6DA49F2D26}.Debug|Any CPU.Build.0 = Debug|Any CPU
		{E0EA2B32-DEB3-4A14-86B1-2E6DA49F2D26}.Release|Any CPU.ActiveCfg = Release|Any CPU
		{E0EA2B32-DEB3-4A14-86B1-2E6DA49F2D26}.Release|Any CPU.Build.0 = Release|Any CPU
		{F3896693-8F59-4509-9881-4734E4ACC00C}.Debug|Any CPU.ActiveCfg = Debug|Any CPU
		{F3896693-8F59-4509-9881-4734E4ACC00C}.Debug|Any CPU.Build.0 = Debug|Any CPU
		{F3896693-8F59-4509-9881-4734E4ACC00C}.Release|Any CPU.ActiveCfg = Release|Any CPU
		{F3896693-8F59-4509-9881-4734E4ACC00C}.Release|Any CPU.Build.0 = Release|Any CPU
		{D9A397F4-7D0C-4D68-970E-7A0CD31D3822}.Debug|Any CPU.ActiveCfg = Debug|Any CPU
		{D9A397F4-7D0C-4D68-970E-7A0CD31D3822}.Debug|Any CPU.Build.0 = Debug|Any CPU
		{D9A397F4-7D0C-4D68-970E-7A0CD31D3822}.Release|Any CPU.ActiveCfg = Release|Any CPU
		{D9A397F4-7D0C-4D68-970E-7A0CD31D3822}.Release|Any CPU.Build.0 = Release|Any CPU
		{E231BEE7-F6C3-4E1D-B0D8-FFDC5F9F7267}.Debug|Any CPU.ActiveCfg = Debug|Any CPU
		{E231BEE7-F6C3-4E1D-B0D8-FFDC5F9F7267}.Debug|Any CPU.Build.0 = Debug|Any CPU
		{E231BEE7-F6C3-4E1D-B0D8-FFDC5F9F7267}.Release|Any CPU.ActiveCfg = Release|Any CPU
		{E231BEE7-F6C3-4E1D-B0D8-FFDC5F9F7267}.Release|Any CPU.Build.0 = Release|Any CPU
		{61B9206D-849E-4718-A560-65FBC9F620C3}.Debug|Any CPU.ActiveCfg = Debug|Any CPU
		{61B9206D-849E-4718-A560-65FBC9F620C3}.Debug|Any CPU.Build.0 = Debug|Any CPU
		{61B9206D-849E-4718-A560-65FBC9F620C3}.Release|Any CPU.ActiveCfg = Release|Any CPU
		{61B9206D-849E-4718-A560-65FBC9F620C3}.Release|Any CPU.Build.0 = Release|Any CPU
		{F676E132-D6E4-4270-93A0-47A8D24932EA}.Debug|Any CPU.ActiveCfg = Debug|Any CPU
		{F676E132-D6E4-4270-93A0-47A8D24932EA}.Debug|Any CPU.Build.0 = Debug|Any CPU
		{F676E132-D6E4-4270-93A0-47A8D24932EA}.Release|Any CPU.ActiveCfg = Release|Any CPU
		{F676E132-D6E4-4270-93A0-47A8D24932EA}.Release|Any CPU.Build.0 = Release|Any CPU
		{6A564690-4A43-4395-8959-AE4902CB70BA}.Debug|Any CPU.ActiveCfg = Debug|Any CPU
		{6A564690-4A43-4395-8959-AE4902CB70BA}.Debug|Any CPU.Build.0 = Debug|Any CPU
		{6A564690-4A43-4395-8959-AE4902CB70BA}.Release|Any CPU.ActiveCfg = Release|Any CPU
		{6A564690-4A43-4395-8959-AE4902CB70BA}.Release|Any CPU.Build.0 = Release|Any CPU
		{86A9E949-F94F-428F-A532-6E6F0FCB4B92}.Debug|Any CPU.ActiveCfg = Debug|Any CPU
		{86A9E949-F94F-428F-A532-6E6F0FCB4B92}.Debug|Any CPU.Build.0 = Debug|Any CPU
		{86A9E949-F94F-428F-A532-6E6F0FCB4B92}.Release|Any CPU.ActiveCfg = Release|Any CPU
		{86A9E949-F94F-428F-A532-6E6F0FCB4B92}.Release|Any CPU.Build.0 = Release|Any CPU
	EndGlobalSection
	GlobalSection(SolutionProperties) = preSolution
		HideSolutionNode = FALSE
	EndGlobalSection
	GlobalSection(ExtensibilityGlobals) = postSolution
		SolutionGuid = {7855DCD9-E8EE-419C-8271-B09E76A02D4B}
	EndGlobalSection
EndGlobal
